
Microsoft Visual Studio Solution File, Format Version 12.00
# Visual Studio Version 16
VisualStudioVersion = 16.0.30907.101
MinimumVisualStudioVersion = 10.0.40219.1
Project("{FAE04EC0-301F-11D3-BF4B-00C04F79EFBC}") = "Assignment 13 Marlena_Fabrick", "Assignment 13 Marlena_Fabrick.csproj", "{73E11E47-1A9D-493D-B2B7-FF860DC54E1B}"
EndProject
Global
	GlobalSection(SolutionConfigurationPlatforms) = preSolution
		Debug|Any CPU = Debug|Any CPU
		Release|Any CPU = Release|Any CPU
	EndGlobalSection
	GlobalSection(ProjectConfigurationPlatforms) = postSolution
		{73E11E47-1A9D-493D-B2B7-FF860DC54E1B}.Debug|Any CPU.ActiveCfg = Debug|Any CPU
		{73E11E47-1A9D-493D-B2B7-FF860DC54E1B}.Debug|Any CPU.Build.0 = Debug|Any CPU
		{73E11E47-1A9D-493D-B2B7-FF860DC54E1B}.Release|Any CPU.ActiveCfg = Release|Any CPU
		{73E11E47-1A9D-493D-B2B7-FF860DC54E1B}.Release|Any CPU.Build.0 = Release|Any CPU
	EndGlobalSection
	GlobalSection(SolutionProperties) = preSolution
		HideSolutionNode = FALSE
	EndGlobalSection
	GlobalSection(ExtensibilityGlobals) = postSolution
		SolutionGuid = {F6A3236C-EBE0-4EBF-AE22-8D38F02A5522}
	EndGlobalSection
EndGlobal
